
Microsoft Visual Studio Solution File, Format Version 12.00
# Visual Studio 14
VisualStudioVersion = 14.0.25420.1
MinimumVisualStudioVersion = 10.0.40219.1
Project("{FAE04EC0-301F-11D3-BF4B-00C04F79EFBC}") = "StaticHttpSharp", "StaticHttpSharp\StaticHttpSharp.csproj", "{EF4577CE-7D58-4508-BE76-5F34949233E7}"
EndProject
Project("{FAE04EC0-301F-11D3-BF4B-00C04F79EFBC}") = "StaticHttpSharp.Console", "StaticHttpSharp.Console\StaticHttpSharp.Console.csproj", "{48282E1D-4FE6-4EF2-8521-51D3E37BAF1D}"
EndProject
Global
	GlobalSection(SolutionConfigurationPlatforms) = preSolution
		Debug|Any CPU = Debug|Any CPU
		Release|Any CPU = Release|Any CPU
	EndGlobalSection
	GlobalSection(ProjectConfigurationPlatforms) = postSolution
		{EF4577CE-7D58-4508-BE76-5F34949233E7}.Debug|Any CPU.ActiveCfg = Debug|Any CPU
		{EF4577CE-7D58-4508-BE76-5F34949233E7}.Debug|Any CPU.Build.0 = Debug|Any CPU
		{EF4577CE-7D58-4508-BE76-5F34949233E7}.Release|Any CPU.ActiveCfg = Release|Any CPU
		{EF4577CE-7D58-4508-BE76-5F34949233E7}.Release|Any CPU.Build.0 = Release|Any CPU
		{48282E1D-4FE6-4EF2-8521-51D3E37BAF1D}.Debug|Any CPU.ActiveCfg = Debug|Any CPU
		{48282E1D-4FE6-4EF2-8521-51D3E37BAF1D}.Debug|Any CPU.Build.0 = Debug|Any CPU
		{48282E1D-4FE6-4EF2-8521-51D3E37BAF1D}.Release|Any CPU.ActiveCfg = Release|Any CPU
		{48282E1D-4FE6-4EF2-8521-51D3E37BAF1D}.Release|Any CPU.Build.0 = Release|Any CPU
	EndGlobalSection
	GlobalSection(SolutionProperties) = preSolution
		HideSolutionNode = FALSE
	EndGlobalSection
EndGlobal
